
Microsoft Visual Studio Solution File, Format Version 12.00
# Visual Studio Version 16
VisualStudioVersion = 16.0.30011.22
MinimumVisualStudioVersion = 10.0.40219.1
Project("{8BC9CEB8-8B4A-11D0-8D11-00A0C91BC942}") = "V9III4", "V9III4\V9III4\V9III4.vcxproj", "{493ECED5-57BD-497B-9FD2-6AD986860048}"
EndProject
Project("{8BC9CEB8-8B4A-11D0-8D11-00A0C91BC942}") = "V99II5", "V99II5\V99II5\V99II5.vcxproj", "{B8AB131A-CC5C-4B2C-8F79-94A9DBF440FA}"
EndProject
Project("{8BC9CEB8-8B4A-11D0-8D11-00A0C91BC942}") = "V98II5", "V98II5\V98II5\V98II5.vcxproj", "{614A144C-0F7D-4B04-BEC7-5D3981DC7E0A}"
EndProject
Project("{8BC9CEB8-8B4A-11D0-8D11-00A0C91BC942}") = "V97II5", "V97II5\V97II5\V97II5.vcxproj", "{9823460B-CD6C-490D-826F-2A051C125A0B}"
EndProject
Project("{8BC9CEB8-8B4A-11D0-8D11-00A0C91BC942}") = "V8III4", "V8III4\V8III4\V8III4.vcxproj", "{83D762AD-6CBF-47A8-B76E-D689BD91CFA8}"
EndProject
Project("{8BC9CEB8-8B4A-11D0-8D11-00A0C91BC942}") = "V8II5", "V8II5\V8II5\V8II5.vcxproj", "{69941124-D89A-48C9-A7B3-E0994EE78BCA}"
EndProject
Project("{8BC9CEB8-8B4A-11D0-8D11-00A0C91BC942}") = "V86II5", "V86II5\V86II5\V86II5.vcxproj", "{83B4B137-9A4B-42A3-91B8-06F0030ECD53}"
EndProject
Project("{8BC9CEB8-8B4A-11D0-8D11-00A0C91BC942}") = "V82II5", "V82II5\V82II5\V82II5.vcxproj", "{9B7954C3-F379-4746-92C1-EE6DC8C499A1}"
EndProject
Project("{8BC9CEB8-8B4A-11D0-8D11-00A0C91BC942}") = "V81II5", "V81II5\V81II5\V81II5.vcxproj", "{B6F32477-BD9B-4616-B675-4B092887D800}"
EndProject
Project("{8BC9CEB8-8B4A-11D0-8D11-00A0C91BC942}") = "V80II5", "V80II5\V80II5\V80II5.vcxproj", "{905E900A-10A7-46E7-B1A3-6DECDD1A9B66}"
EndProject
Project("{8BC9CEB8-8B4A-11D0-8D11-00A0C91BC942}") = "V75II5", "V75II5\V75II5\V75II5.vcxproj", "{2030CDDC-EA06-4BEA-8E6A-0B77F5F198B3}"
EndProject
Project("{8BC9CEB8-8B4A-11D0-8D11-00A0C91BC942}") = "V72II5", "V72II5\V72II5\V72II5.vcxproj", "{DA479478-9DDF-4CFA-B3E2-59A6111B1C81}"
EndProject
Project("{8BC9CEB8-8B4A-11D0-8D11-00A0C91BC942}") = "V70III4", "V70III4\V70III4\V70III4.vcxproj", "{3279B81E-949C-42A3-8553-65558D32864E}"
EndProject
Project("{8BC9CEB8-8B4A-11D0-8D11-00A0C91BC942}") = "V70II5", "V70II5\V70II5\V70II5.vcxproj", "{5527E293-C00C-41AE-A4C2-07E7D077E1CE}"
EndProject
Project("{8BC9CEB8-8B4A-11D0-8D11-00A0C91BC942}") = "V6III4", "V6III4\V6III4\V6III4.vcxproj", "{1DF54070-F5B4-4922-B3E5-2B315C72CE8D}"
EndProject
Project("{8BC9CEB8-8B4A-11D0-8D11-00A0C91BC942}") = "V6II5", "V6II5\V6II5\V6II5.vcxproj", "{7157DC8B-8E35-43FB-B37D-46DCAEA137CD}"
EndProject
Project("{8BC9CEB8-8B4A-11D0-8D11-00A0C91BC942}") = "V69II5", "V69II5\V69II5\V69II5.vcxproj", "{81FB8B94-0795-4C72-B4DC-BBF6EDF44A78}"
EndProject
Project("{8BC9CEB8-8B4A-11D0-8D11-00A0C91BC942}") = "V68II5", "V68II5\V68II5\V68II5.vcxproj", "{BA79198F-6032-47BC-A22E-217F72DCE6F4}"
EndProject
Project("{8BC9CEB8-8B4A-11D0-8D11-00A0C91BC942}") = "V65II5", "V65II5\V65II5\V65II5.vcxproj", "{B77547D4-4743-43B2-9A3F-71DBE4A3F069}"
EndProject
Project("{8BC9CEB8-8B4A-11D0-8D11-00A0C91BC942}") = "V63II5", "V63II5\V63II5\V63II5.vcxproj", "{75C374CF-687B-4EC4-AF29-9DD67B82B969}"
EndProject
Project("{8BC9CEB8-8B4A-11D0-8D11-00A0C91BC942}") = "V61II5", "V61II5\V61II5\V61II5.vcxproj", "{C3EBFB4C-E19C-43A4-80E3-8D0734633D8A}"
EndProject
Project("{8BC9CEB8-8B4A-11D0-8D11-00A0C91BC942}") = "V5II5", "V5II5\V5II5\V5II5.vcxproj", "{C9C8394A-A539-4572-BE1D-504D908A9CAE}"
EndProject
Project("{8BC9CEB8-8B4A-11D0-8D11-00A0C91BC942}") = "V59II5", "V59II5\V59II5\V59II5.vcxproj", "{7B67D995-516D-47CE-899E-F35798B3FDB2}"
EndProject
Project("{8BC9CEB8-8B4A-11D0-8D11-00A0C91BC942}") = "V58II5", "V58II5\V58II5\V58II5.vcxproj", "{00E12B71-63F8-46A4-B024-A200BCDDD9BC}"
EndProject
Project("{8BC9CEB8-8B4A-11D0-8D11-00A0C91BC942}") = "V57II5", "V57II5\V57II5\V57II5.vcxproj", "{37F7FF15-EB94-4406-9AF5-DF5F213C2F45}"
EndProject
Project("{8BC9CEB8-8B4A-11D0-8D11-00A0C91BC942}") = "V56II5", "V56II5\V56II5\V56II5.vcxproj", "{51B38828-B47D-44B0-A97B-278F967527CE}"
EndProject
Project("{8BC9CEB8-8B4A-11D0-8D11-00A0C91BC942}") = "V54III4", "V54III4\V54III4\V54III4.vcxproj", "{CF7A2A27-EF64-4068-B7BA-982D2F6C6FD2}"
EndProject
Project("{8BC9CEB8-8B4A-11D0-8D11-00A0C91BC942}") = "V54II5", "V54II5\V54II5\V54II5.vcxproj", "{7C9AE690-6CE2-49FE-A667-5CB5CFF866C3}"
EndProject
Project("{8BC9CEB8-8B4A-11D0-8D11-00A0C91BC942}") = "V51II2", "V51II2\V51II2\V51II2.vcxproj", "{60384C6C-C142-4666-AFC7-FE2A77346E9A}"
EndProject
Project("{8BC9CEB8-8B4A-11D0-8D11-00A0C91BC942}") = "V4II5", "V4II5\V4II5\V4II5.vcxproj", "{E9D26EB4-A636-4A8B-BAD9-B1F138F981F5}"
EndProject
Project("{8BC9CEB8-8B4A-11D0-8D11-00A0C91BC942}") = "V49II5", "V49II5\V49II5\V49II5.vcxproj", "{EA5552FC-C93E-4943-96BC-C5351D49253C}"
EndProject
Project("{8BC9CEB8-8B4A-11D0-8D11-00A0C91BC942}") = "V48II5", "V48II5\V48II5\V48II5.vcxproj", "{1C16BE22-0148-4870-AE4F-AF6371AE44AF}"
EndProject
Project("{8BC9CEB8-8B4A-11D0-8D11-00A0C91BC942}") = "V47II5", "V47II5\V47II5\V47II5.vcxproj", "{4FBD0581-B19B-40A9-9C38-814396C39EC8}"
EndProject
Project("{8BC9CEB8-8B4A-11D0-8D11-00A0C91BC942}") = "V46II5", "V46II5\V46II5\V46II5.vcxproj", "{F4D8FCF4-D93E-4786-B344-6D7662FBD369}"
EndProject
Project("{8BC9CEB8-8B4A-11D0-8D11-00A0C91BC942}") = "V45II5", "V45II5\V45II5\V45II5.vcxproj", "{38784C6A-FCDA-4843-BFCD-279981BE84A7}"
EndProject
Project("{8BC9CEB8-8B4A-11D0-8D11-00A0C91BC942}") = "V44III4", "V44III4\V44III4\V44III4.vcxproj", "{E831AC30-E5FA-4ADB-8AFB-DC534CB1C12D}"
EndProject
Project("{8BC9CEB8-8B4A-11D0-8D11-00A0C91BC942}") = "V44II5", "V44II5\V44II5\V44II5.vcxproj", "{2A3B8E63-BF42-4958-BCD6-52E7B3ED0419}"
EndProject
Project("{8BC9CEB8-8B4A-11D0-8D11-00A0C91BC942}") = "V43II5", "V43II5\V43II5\V43II5.vcxproj", "{836FE4D0-E2AF-453E-8210-527C588A92ED}"
EndProject
Project("{8BC9CEB8-8B4A-11D0-8D11-00A0C91BC942}") = "V42III4", "V42III4\V42III4\V42III4.vcxproj", "{C66F0F54-8A09-43D8-85A9-0C3A036A5D8A}"
EndProject
Project("{8BC9CEB8-8B4A-11D0-8D11-00A0C91BC942}") = "V42II5", "V42II5\V42II5\V42II5.vcxproj", "{62DC3C8C-5C8A-4451-AF7E-EFDB6DF72D3C}"
EndProject
Project("{8BC9CEB8-8B4A-11D0-8D11-00A0C91BC942}") = "V41III4", "V41III4\V41III4\V41III4.vcxproj", "{616BBC76-FC20-4132-A035-22A7D06C6796}"
EndProject
Project("{8BC9CEB8-8B4A-11D0-8D11-00A0C91BC942}") = "V41II5", "V41II5\V41II5\V41II5.vcxproj", "{D8212503-8876-4FED-8C50-F6B54B7E1146}"
EndProject
Project("{8BC9CEB8-8B4A-11D0-8D11-00A0C91BC942}") = "V3II5", "V3II5\V3II5\V3II5.vcxproj", "{33F94D65-5E6C-45BB-8937-BE6D91BF0BAF}"
EndProject
Project("{8BC9CEB8-8B4A-11D0-8D11-00A0C91BC942}") = "V38II5", "V38II5\V38II5\V38II5.vcxproj", "{DFCBA358-C320-45E3-B283-F11D1EDFDAD3}"
EndProject
Project("{8BC9CEB8-8B4A-11D0-8D11-00A0C91BC942}") = "V37II5", "V37II5\V37II5\V37II5.vcxproj", "{FE61FF8C-2EC9-4517-893E-DE700CEB393B}"
EndProject
Project("{8BC9CEB8-8B4A-11D0-8D11-00A0C91BC942}") = "V36II5", "V36II5\V36II5\V36II5.vcxproj", "{47C291F8-4B7B-4193-BB5C-B526D7115B4B}"
EndProject
Project("{8BC9CEB8-8B4A-11D0-8D11-00A0C91BC942}") = "V35II5", "V35II5\V35II5\V35II5.vcxproj", "{05740A8C-772E-45D6-9686-4B255305A8F5}"
EndProject
Project("{8BC9CEB8-8B4A-11D0-8D11-00A0C91BC942}") = "V34II5", "V34II5\V34II5\V34II5.vcxproj", "{4BC313B1-8CFB-4DCA-96CA-D476FACC1B61}"
EndProject
Project("{8BC9CEB8-8B4A-11D0-8D11-00A0C91BC942}") = "V32III4", "V32III4\V32III4\V32III4.vcxproj", "{2531E14E-7FA7-4CFB-96D6-F0EA26AA7CA4}"
EndProject
Project("{8BC9CEB8-8B4A-11D0-8D11-00A0C91BC942}") = "V32II5", "V32II5\V32II5\V32II5.vcxproj", "{E7E87109-C611-4016-8B4C-3A5B3AF83A91}"
EndProject
Project("{8BC9CEB8-8B4A-11D0-8D11-00A0C91BC942}") = "V31III4", "V31III4\V31III4\V31III4.vcxproj", "{2EB40B8E-0FA7-4FA5-A80D-5580A3C39E15}"
EndProject
Project("{8BC9CEB8-8B4A-11D0-8D11-00A0C91BC942}") = "V30II5", "V30II5\V30II5\V30II5.vcxproj", "{2ACB7BDC-530E-46F0-8F14-571A6736FEBF}"
EndProject
Project("{8BC9CEB8-8B4A-11D0-8D11-00A0C91BC942}") = "V29II5", "V29II5\V29II5\V29II5.vcxproj", "{B0AFAD9A-0794-416F-AB4F-15FEDB56D5D8}"
EndProject
Project("{8BC9CEB8-8B4A-11D0-8D11-00A0C91BC942}") = "V27II5", "V27II5\V27II5\V27II5.vcxproj", "{BB8DC272-163D-408D-A28F-8771B90FB2F9}"
EndProject
Project("{8BC9CEB8-8B4A-11D0-8D11-00A0C91BC942}") = "V26II5", "V26II5\V26II5\V26II5.vcxproj", "{A7A9D4D5-6A8D-443B-9799-2EB19078EC07}"
EndProject
Project("{8BC9CEB8-8B4A-11D0-8D11-00A0C91BC942}") = "V24II5", "V24II5\V24II5\V24II5.vcxproj", "{18FED14C-A217-4BC8-9076-B06D1C46C363}"
EndProject
Project("{8BC9CEB8-8B4A-11D0-8D11-00A0C91BC942}") = "V22II5", "V22II5\V22II5\V22II5.vcxproj", "{14282536-AD63-44F4-9833-0B2059D3F3FA}"
EndProject
Project("{8BC9CEB8-8B4A-11D0-8D11-00A0C91BC942}") = "V21II5", "V21II5\V21II5\V21II5.vcxproj", "{D7ADF143-2D26-416E-BABB-8E33F167AB1F}"
EndProject
Project("{8BC9CEB8-8B4A-11D0-8D11-00A0C91BC942}") = "V20II5", "V20II5\V20II5\V20II5.vcxproj", "{1D767F08-E51B-49EE-93BD-806133BD5598}"
EndProject
Project("{8BC9CEB8-8B4A-11D0-8D11-00A0C91BC942}") = "V1II5", "V1II5\V1II5\V1II5.vcxproj", "{A5650174-7CDF-4BF4-A0BE-34446EDF221C}"
EndProject
Project("{8BC9CEB8-8B4A-11D0-8D11-00A0C91BC942}") = "V19II5", "V19II5\V19II5\V19II5.vcxproj", "{481EA9AB-E53D-4D70-9F8C-BAB8F756217B}"
EndProject
Project("{8BC9CEB8-8B4A-11D0-8D11-00A0C91BC942}") = "V18II5", "V18II5\V18II5\V18II5.vcxproj", "{7F16B894-FD6E-4E15-81A1-B8270AE036D2}"
EndProject
Project("{8BC9CEB8-8B4A-11D0-8D11-00A0C91BC942}") = "V17III4", "V17III4\V17III4\V17III4.vcxproj", "{79B43A00-911D-473B-8DCA-B60C5735D487}"
EndProject
Project("{8BC9CEB8-8B4A-11D0-8D11-00A0C91BC942}") = "V17II5", "V17II5\V17II5\V17II5.vcxproj", "{6E6AD956-9D51-4247-8CA9-991D2F679072}"
EndProject
Project("{8BC9CEB8-8B4A-11D0-8D11-00A0C91BC942}") = "V16II2", "V16II2\V16II2\V16II2.vcxproj", "{28EE9139-52F1-433F-AAA8-530E702F3CD0}"
EndProject
Project("{8BC9CEB8-8B4A-11D0-8D11-00A0C91BC942}") = "V15II5", "V15II5\V15II5\V15II5.vcxproj", "{044F0E7E-3F83-4F63-B958-D183D4A94335}"
EndProject
Project("{8BC9CEB8-8B4A-11D0-8D11-00A0C91BC942}") = "V14II5", "V14II5\V14II5\V14II5.vcxproj", "{006C06F6-DAF6-40A6-A09C-917428379D56}"
EndProject
Project("{8BC9CEB8-8B4A-11D0-8D11-00A0C91BC942}") = "V13II5", "V13II5\V13II5\V13II5.vcxproj", "{DA9165F8-8275-4ED3-9598-E87756371ECF}"
EndProject
Project("{8BC9CEB8-8B4A-11D0-8D11-00A0C91BC942}") = "V12II5", "V12II5\V12II5\V12II5.vcxproj", "{031D3641-F64A-4310-B345-E688621A318D}"
EndProject
Project("{8BC9CEB8-8B4A-11D0-8D11-00A0C91BC942}") = "V11II5", "V11II5\V11II5\V11II5.vcxproj", "{BB30237E-D07F-4A2A-8950-8AFD6BEA908C}"
EndProject
Project("{8BC9CEB8-8B4A-11D0-8D11-00A0C91BC942}") = "V10II5", "V10II5\V10II5\V10II5.vcxproj", "{C798F739-ED6E-48BB-987F-2ED6FC71BC32}"
EndProject
Project("{8BC9CEB8-8B4A-11D0-8D11-00A0C91BC942}") = "V100II5", "V100II5\V100II5\V100II5.vcxproj", "{768C6B44-B3B2-41A0-8735-FE6096C7A4F3}"
EndProject
Global
	GlobalSection(SolutionConfigurationPlatforms) = preSolution
		Debug|x86 = Debug|x86
		Release|x86 = Release|x86
	EndGlobalSection
	GlobalSection(ProjectConfigurationPlatforms) = postSolution
		{493ECED5-57BD-497B-9FD2-6AD986860048}.Debug|x86.ActiveCfg = Debug|Win32
		{493ECED5-57BD-497B-9FD2-6AD986860048}.Debug|x86.Build.0 = Debug|Win32
		{493ECED5-57BD-497B-9FD2-6AD986860048}.Release|x86.ActiveCfg = Release|Win32
		{493ECED5-57BD-497B-9FD2-6AD986860048}.Release|x86.Build.0 = Release|Win32
		{B8AB131A-CC5C-4B2C-8F79-94A9DBF440FA}.Debug|x86.ActiveCfg = Debug|Win32
		{B8AB131A-CC5C-4B2C-8F79-94A9DBF440FA}.Debug|x86.Build.0 = Debug|Win32
		{B8AB131A-CC5C-4B2C-8F79-94A9DBF440FA}.Release|x86.ActiveCfg = Release|Win32
		{B8AB131A-CC5C-4B2C-8F79-94A9DBF440FA}.Release|x86.Build.0 = Release|Win32
		{614A144C-0F7D-4B04-BEC7-5D3981DC7E0A}.Debug|x86.ActiveCfg = Debug|Win32
		{614A144C-0F7D-4B04-BEC7-5D3981DC7E0A}.Debug|x86.Build.0 = Debug|Win32
		{614A144C-0F7D-4B04-BEC7-5D3981DC7E0A}.Release|x86.ActiveCfg = Release|Win32
		{614A144C-0F7D-4B04-BEC7-5D3981DC7E0A}.Release|x86.Build.0 = Release|Win32
		{9823460B-CD6C-490D-826F-2A051C125A0B}.Debug|x86.ActiveCfg = Debug|Win32
		{9823460B-CD6C-490D-826F-2A051C125A0B}.Debug|x86.Build.0 = Debug|Win32
		{9823460B-CD6C-490D-826F-2A051C125A0B}.Release|x86.ActiveCfg = Release|Win32
		{9823460B-CD6C-490D-826F-2A051C125A0B}.Release|x86.Build.0 = Release|Win32
		{83D762AD-6CBF-47A8-B76E-D689BD91CFA8}.Debug|x86.ActiveCfg = Debug|Win32
		{83D762AD-6CBF-47A8-B76E-D689BD91CFA8}.Debug|x86.Build.0 = Debug|Win32
		{83D762AD-6CBF-47A8-B76E-D689BD91CFA8}.Release|x86.ActiveCfg = Release|Win32
		{83D762AD-6CBF-47A8-B76E-D689BD91CFA8}.Release|x86.Build.0 = Release|Win32
		{69941124-D89A-48C9-A7B3-E0994EE78BCA}.Debug|x86.ActiveCfg = Debug|Win32
		{69941124-D89A-48C9-A7B3-E0994EE78BCA}.Debug|x86.Build.0 = Debug|Win32
		{69941124-D89A-48C9-A7B3-E0994EE78BCA}.Release|x86.ActiveCfg = Release|Win32
		{69941124-D89A-48C9-A7B3-E0994EE78BCA}.Release|x86.Build.0 = Release|Win32
		{83B4B137-9A4B-42A3-91B8-06F0030ECD53}.Debug|x86.ActiveCfg = Debug|Win32
		{83B4B137-9A4B-42A3-91B8-06F0030ECD53}.Debug|x86.Build.0 = Debug|Win32
		{83B4B137-9A4B-42A3-91B8-06F0030ECD53}.Release|x86.ActiveCfg = Release|Win32
		{83B4B137-9A4B-42A3-91B8-06F0030ECD53}.Release|x86.Build.0 = Release|Win32
		{9B7954C3-F379-4746-92C1-EE6DC8C499A1}.Debug|x86.ActiveCfg = Debug|Win32
		{9B7954C3-F379-4746-92C1-EE6DC8C499A1}.Debug|x86.Build.0 = Debug|Win32
		{9B7954C3-F379-4746-92C1-EE6DC8C499A1}.Release|x86.ActiveCfg = Release|Win32
		{9B7954C3-F379-4746-92C1-EE6DC8C499A1}.Release|x86.Build.0 = Release|Win32
		{B6F32477-BD9B-4616-B675-4B092887D800}.Debug|x86.ActiveCfg = Debug|Win32
		{B6F32477-BD9B-4616-B675-4B092887D800}.Debug|x86.Build.0 = Debug|Win32
		{B6F32477-BD9B-4616-B675-4B092887D800}.Release|x86.ActiveCfg = Release|Win32
		{B6F32477-BD9B-4616-B675-4B092887D800}.Release|x86.Build.0 = Release|Win32
		{905E900A-10A7-46E7-B1A3-6DECDD1A9B66}.Debug|x86.ActiveCfg = Debug|Win32
		{905E900A-10A7-46E7-B1A3-6DECDD1A9B66}.Debug|x86.Build.0 = Debug|Win32
		{905E900A-10A7-46E7-B1A3-6DECDD1A9B66}.Release|x86.ActiveCfg = Release|Win32
		{905E900A-10A7-46E7-B1A3-6DECDD1A9B66}.Release|x86.Build.0 = Release|Win32
		{2030CDDC-EA06-4BEA-8E6A-0B77F5F198B3}.Debug|x86.ActiveCfg = Debug|Win32
		{2030CDDC-EA06-4BEA-8E6A-0B77F5F198B3}.Debug|x86.Build.0 = Debug|Win32
		{2030CDDC-EA06-4BEA-8E6A-0B77F5F198B3}.Release|x86.ActiveCfg = Release|Win32
		{2030CDDC-EA06-4BEA-8E6A-0B77F5F198B3}.Release|x86.Build.0 = Release|Win32
		{DA479478-9DDF-4CFA-B3E2-59A6111B1C81}.Debug|x86.ActiveCfg = Debug|Win32
		{DA479478-9DDF-4CFA-B3E2-59A6111B1C81}.Debug|x86.Build.0 = Debug|Win32
		{DA479478-9DDF-4CFA-B3E2-59A6111B1C81}.Release|x86.ActiveCfg = Release|Win32
		{DA479478-9DDF-4CFA-B3E2-59A6111B1C81}.Release|x86.Build.0 = Release|Win32
		{3279B81E-949C-42A3-8553-65558D32864E}.Debug|x86.ActiveCfg = Debug|Win32
		{3279B81E-949C-42A3-8553-65558D32864E}.Debug|x86.Build.0 = Debug|Win32
		{3279B81E-949C-42A3-8553-65558D32864E}.Release|x86.ActiveCfg = Release|Win32
		{3279B81E-949C-42A3-8553-65558D32864E}.Release|x86.Build.0 = Release|Win32
		{5527E293-C00C-41AE-A4C2-07E7D077E1CE}.Debug|x86.ActiveCfg = Debug|Win32
		{5527E293-C00C-41AE-A4C2-07E7D077E1CE}.Debug|x86.Build.0 = Debug|Win32
		{5527E293-C00C-41AE-A4C2-07E7D077E1CE}.Release|x86.ActiveCfg = Release|Win32
		{5527E293-C00C-41AE-A4C2-07E7D077E1CE}.Release|x86.Build.0 = Release|Win32
		{1DF54070-F5B4-4922-B3E5-2B315C72CE8D}.Debug|x86.ActiveCfg = Debug|Win32
		{1DF54070-F5B4-4922-B3E5-2B315C72CE8D}.Debug|x86.Build.0 = Debug|Win32
		{1DF54070-F5B4-4922-B3E5-2B315C72CE8D}.Release|x86.ActiveCfg = Release|Win32
		{1DF54070-F5B4-4922-B3E5-2B315C72CE8D}.Release|x86.Build.0 = Release|Win32
		{7157DC8B-8E35-43FB-B37D-46DCAEA137CD}.Debug|x86.ActiveCfg = Debug|Win32
		{7157DC8B-8E35-43FB-B37D-46DCAEA137CD}.Debug|x86.Build.0 = Debug|Win32
		{7157DC8B-8E35-43FB-B37D-46DCAEA137CD}.Release|x86.ActiveCfg = Release|Win32
		{7157DC8B-8E35-43FB-B37D-46DCAEA137CD}.Release|x86.Build.0 = Release|Win32
		{81FB8B94-0795-4C72-B4DC-BBF6EDF44A78}.Debug|x86.ActiveCfg = Debug|Win32
		{81FB8B94-0795-4C72-B4DC-BBF6EDF44A78}.Debug|x86.Build.0 = Debug|Win32
		{81FB8B94-0795-4C72-B4DC-BBF6EDF44A78}.Release|x86.ActiveCfg = Release|Win32
		{81FB8B94-0795-4C72-B4DC-BBF6EDF44A78}.Release|x86.Build.0 = Release|Win32
		{BA79198F-6032-47BC-A22E-217F72DCE6F4}.Debug|x86.ActiveCfg = Debug|Win32
		{BA79198F-6032-47BC-A22E-217F72DCE6F4}.Debug|x86.Build.0 = Debug|Win32
		{BA79198F-6032-47BC-A22E-217F72DCE6F4}.Release|x86.ActiveCfg = Release|Win32
		{BA79198F-6032-47BC-A22E-217F72DCE6F4}.Release|x86.Build.0 = Release|Win32
		{B77547D4-4743-43B2-9A3F-71DBE4A3F069}.Debug|x86.ActiveCfg = Debug|Win32
		{B77547D4-4743-43B2-9A3F-71DBE4A3F069}.Debug|x86.Build.0 = Debug|Win32
		{B77547D4-4743-43B2-9A3F-71DBE4A3F069}.Release|x86.ActiveCfg = Release|Win32
		{B77547D4-4743-43B2-9A3F-71DBE4A3F069}.Release|x86.Build.0 = Release|Win32
		{75C374CF-687B-4EC4-AF29-9DD67B82B969}.Debug|x86.ActiveCfg = Debug|Win32
		{75C374CF-687B-4EC4-AF29-9DD67B82B969}.Debug|x86.Build.0 = Debug|Win32
		{75C374CF-687B-4EC4-AF29-9DD67B82B969}.Release|x86.ActiveCfg = Release|Win32
		{75C374CF-687B-4EC4-AF29-9DD67B82B969}.Release|x86.Build.0 = Release|Win32
		{C3EBFB4C-E19C-43A4-80E3-8D0734633D8A}.Debug|x86.ActiveCfg = Debug|Win32
		{C3EBFB4C-E19C-43A4-80E3-8D0734633D8A}.Debug|x86.Build.0 = Debug|Win32
		{C3EBFB4C-E19C-43A4-80E3-8D0734633D8A}.Release|x86.ActiveCfg = Release|Win32
		{C3EBFB4C-E19C-43A4-80E3-8D0734633D8A}.Release|x86.Build.0 = Release|Win32
		{C9C8394A-A539-4572-BE1D-504D908A9CAE}.Debug|x86.ActiveCfg = Debug|Win32
		{C9C8394A-A539-4572-BE1D-504D908A9CAE}.Debug|x86.Build.0 = Debug|Win32
		{C9C8394A-A539-4572-BE1D-504D908A9CAE}.Release|x86.ActiveCfg = Release|Win32
		{C9C8394A-A539-4572-BE1D-504D908A9CAE}.Release|x86.Build.0 = Release|Win32
		{7B67D995-516D-47CE-899E-F35798B3FDB2}.Debug|x86.ActiveCfg = Debug|Win32
		{7B67D995-516D-47CE-899E-F35798B3FDB2}.Debug|x86.Build.0 = Debug|Win32
		{7B67D995-516D-47CE-899E-F35798B3FDB2}.Release|x86.ActiveCfg = Release|Win32
		{7B67D995-516D-47CE-899E-F35798B3FDB2}.Release|x86.Build.0 = Release|Win32
		{00E12B71-63F8-46A4-B024-A200BCDDD9BC}.Debug|x86.ActiveCfg = Debug|Win32
		{00E12B71-63F8-46A4-B024-A200BCDDD9BC}.Debug|x86.Build.0 = Debug|Win32
		{00E12B71-63F8-46A4-B024-A200BCDDD9BC}.Release|x86.ActiveCfg = Release|Win32
		{00E12B71-63F8-46A4-B024-A200BCDDD9BC}.Release|x86.Build.0 = Release|Win32
		{37F7FF15-EB94-4406-9AF5-DF5F213C2F45}.Debug|x86.ActiveCfg = Debug|Win32
		{37F7FF15-EB94-4406-9AF5-DF5F213C2F45}.Debug|x86.Build.0 = Debug|Win32
		{37F7FF15-EB94-4406-9AF5-DF5F213C2F45}.Release|x86.ActiveCfg = Release|Win32
		{37F7FF15-EB94-4406-9AF5-DF5F213C2F45}.Release|x86.Build.0 = Release|Win32
		{51B38828-B47D-44B0-A97B-278F967527CE}.Debug|x86.ActiveCfg = Debug|Win32
		{51B38828-B47D-44B0-A97B-278F967527CE}.Debug|x86.Build.0 = Debug|Win32
		{51B38828-B47D-44B0-A97B-278F967527CE}.Release|x86.ActiveCfg = Release|Win32
		{51B38828-B47D-44B0-A97B-278F967527CE}.Release|x86.Build.0 = Release|Win32
		{CF7A2A27-EF64-4068-B7BA-982D2F6C6FD2}.Debug|x86.ActiveCfg = Debug|Win32
		{CF7A2A27-EF64-4068-B7BA-982D2F6C6FD2}.Debug|x86.Build.0 = Debug|Win32
		{CF7A2A27-EF64-4068-B7BA-982D2F6C6FD2}.Release|x86.ActiveCfg = Release|Win32
		{CF7A2A27-EF64-4068-B7BA-982D2F6C6FD2}.Release|x86.Build.0 = Release|Win32
		{7C9AE690-6CE2-49FE-A667-5CB5CFF866C3}.Debug|x86.ActiveCfg = Debug|Win32
		{7C9AE690-6CE2-49FE-A667-5CB5CFF866C3}.Debug|x86.Build.0 = Debug|Win32
		{7C9AE690-6CE2-49FE-A667-5CB5CFF866C3}.Release|x86.ActiveCfg = Release|Win32
		{7C9AE690-6CE2-49FE-A667-5CB5CFF866C3}.Release|x86.Build.0 = Release|Win32
		{60384C6C-C142-4666-AFC7-FE2A77346E9A}.Debug|x86.ActiveCfg = Debug|Win32
		{60384C6C-C142-4666-AFC7-FE2A77346E9A}.Debug|x86.Build.0 = Debug|Win32
		{60384C6C-C142-4666-AFC7-FE2A77346E9A}.Release|x86.ActiveCfg = Release|Win32
		{60384C6C-C142-4666-AFC7-FE2A77346E9A}.Release|x86.Build.0 = Release|Win32
		{E9D26EB4-A636-4A8B-BAD9-B1F138F981F5}.Debug|x86.ActiveCfg = Debug|Win32
		{E9D26EB4-A636-4A8B-BAD9-B1F138F981F5}.Debug|x86.Build.0 = Debug|Win32
		{E9D26EB4-A636-4A8B-BAD9-B1F138F981F5}.Release|x86.ActiveCfg = Release|Win32
		{E9D26EB4-A636-4A8B-BAD9-B1F138F981F5}.Release|x86.Build.0 = Release|Win32
		{EA5552FC-C93E-4943-96BC-C5351D49253C}.Debug|x86.ActiveCfg = Debug|Win32
		{EA5552FC-C93E-4943-96BC-C5351D49253C}.Debug|x86.Build.0 = Debug|Win32
		{EA5552FC-C93E-4943-96BC-C5351D49253C}.Release|x86.ActiveCfg = Release|Win32
		{EA5552FC-C93E-4943-96BC-C5351D49253C}.Release|x86.Build.0 = Release|Win32
		{1C16BE22-0148-4870-AE4F-AF6371AE44AF}.Debug|x86.ActiveCfg = Debug|Win32
		{1C16BE22-0148-4870-AE4F-AF6371AE44AF}.Debug|x86.Build.0 = Debug|Win32
		{1C16BE22-0148-4870-AE4F-AF6371AE44AF}.Release|x86.ActiveCfg = Release|Win32
		{1C16BE22-0148-4870-AE4F-AF6371AE44AF}.Release|x86.Build.0 = Release|Win32
		{4FBD0581-B19B-40A9-9C38-814396C39EC8}.Debug|x86.ActiveCfg = Debug|Win32
		{4FBD0581-B19B-40A9-9C38-814396C39EC8}.Debug|x86.Build.0 = Debug|Win32
		{4FBD0581-B19B-40A9-9C38-814396C39EC8}.Release|x86.ActiveCfg = Release|Win32
		{4FBD0581-B19B-40A9-9C38-814396C39EC8}.Release|x86.Build.0 = Release|Win32
		{F4D8FCF4-D93E-4786-B344-6D7662FBD369}.Debug|x86.ActiveCfg = Debug|Win32
		{F4D8FCF4-D93E-4786-B344-6D7662FBD369}.Debug|x86.Build.0 = Debug|Win32
		{F4D8FCF4-D93E-4786-B344-6D7662FBD369}.Release|x86.ActiveCfg = Release|Win32
		{F4D8FCF4-D93E-4786-B344-6D7662FBD369}.Release|x86.Build.0 = Release|Win32
		{38784C6A-FCDA-4843-BFCD-279981BE84A7}.Debug|x86.ActiveCfg = Debug|Win32
		{38784C6A-FCDA-4843-BFCD-279981BE84A7}.Debug|x86.Build.0 = Debug|Win32
		{38784C6A-FCDA-4843-BFCD-279981BE84A7}.Release|x86.ActiveCfg = Release|Win32
		{38784C6A-FCDA-4843-BFCD-279981BE84A7}.Release|x86.Build.0 = Release|Win32
		{E831AC30-E5FA-4ADB-8AFB-DC534CB1C12D}.Debug|x86.ActiveCfg = Debug|Win32
		{E831AC30-E5FA-4ADB-8AFB-DC534CB1C12D}.Debug|x86.Build.0 = Debug|Win32
		{E831AC30-E5FA-4ADB-8AFB-DC534CB1C12D}.Release|x86.ActiveCfg = Release|Win32
		{E831AC30-E5FA-4ADB-8AFB-DC534CB1C12D}.Release|x86.Build.0 = Release|Win32
		{2A3B8E63-BF42-4958-BCD6-52E7B3ED0419}.Debug|x86.ActiveCfg = Debug|Win32
		{2A3B8E63-BF42-4958-BCD6-52E7B3ED0419}.Debug|x86.Build.0 = Debug|Win32
		{2A3B8E63-BF42-4958-BCD6-52E7B3ED0419}.Release|x86.ActiveCfg = Release|Win32
		{2A3B8E63-BF42-4958-BCD6-52E7B3ED0419}.Release|x86.Build.0 = Release|Win32
		{836FE4D0-E2AF-453E-8210-527C588A92ED}.Debug|x86.ActiveCfg = Debug|Win32
		{836FE4D0-E2AF-453E-8210-527C588A92ED}.Debug|x86.Build.0 = Debug|Win32
		{836FE4D0-E2AF-453E-8210-527C588A92ED}.Release|x86.ActiveCfg = Release|Win32
		{836FE4D0-E2AF-453E-8210-527C588A92ED}.Release|x86.Build.0 = Release|Win32
		{C66F0F54-8A09-43D8-85A9-0C3A036A5D8A}.Debug|x86.ActiveCfg = Debug|Win32
		{C66F0F54-8A09-43D8-85A9-0C3A036A5D8A}.Debug|x86.Build.0 = Debug|Win32
		{C66F0F54-8A09-43D8-85A9-0C3A036A5D8A}.Release|x86.ActiveCfg = Release|Win32
		{C66F0F54-8A09-43D8-85A9-0C3A036A5D8A}.Release|x86.Build.0 = Release|Win32
		{62DC3C8C-5C8A-4451-AF7E-EFDB6DF72D3C}.Debug|x86.ActiveCfg = Debug|Win32
		{62DC3C8C-5C8A-4451-AF7E-EFDB6DF72D3C}.Debug|x86.Build.0 = Debug|Win32
		{62DC3C8C-5C8A-4451-AF7E-EFDB6DF72D3C}.Release|x86.ActiveCfg = Release|Win32
		{62DC3C8C-5C8A-4451-AF7E-EFDB6DF72D3C}.Release|x86.Build.0 = Release|Win32
		{616BBC76-FC20-4132-A035-22A7D06C6796}.Debug|x86.ActiveCfg = Debug|Win32
		{616BBC76-FC20-4132-A035-22A7D06C6796}.Debug|x86.Build.0 = Debug|Win32
		{616BBC76-FC20-4132-A035-22A7D06C6796}.Release|x86.ActiveCfg = Release|Win32
		{616BBC76-FC20-4132-A035-22A7D06C6796}.Release|x86.Build.0 = Release|Win32
		{D8212503-8876-4FED-8C50-F6B54B7E1146}.Debug|x86.ActiveCfg = Debug|Win32
		{D8212503-8876-4FED-8C50-F6B54B7E1146}.Debug|x86.Build.0 = Debug|Win32
		{D8212503-8876-4FED-8C50-F6B54B7E1146}.Release|x86.ActiveCfg = Release|Win32
		{D8212503-8876-4FED-8C50-F6B54B7E1146}.Release|x86.Build.0 = Release|Win32
		{33F94D65-5E6C-45BB-8937-BE6D91BF0BAF}.Debug|x86.ActiveCfg = Debug|Win32
		{33F94D65-5E6C-45BB-8937-BE6D91BF0BAF}.Debug|x86.Build.0 = Debug|Win32
		{33F94D65-5E6C-45BB-8937-BE6D91BF0BAF}.Release|x86.ActiveCfg = Release|Win32
		{33F94D65-5E6C-45BB-8937-BE6D91BF0BAF}.Release|x86.Build.0 = Release|Win32
		{DFCBA358-C320-45E3-B283-F11D1EDFDAD3}.Debug|x86.ActiveCfg = Debug|Win32
		{DFCBA358-C320-45E3-B283-F11D1EDFDAD3}.Debug|x86.Build.0 = Debug|Win32
		{DFCBA358-C320-45E3-B283-F11D1EDFDAD3}.Release|x86.ActiveCfg = Release|Win32
		{DFCBA358-C320-45E3-B283-F11D1EDFDAD3}.Release|x86.Build.0 = Release|Win32
		{FE61FF8C-2EC9-4517-893E-DE700CEB393B}.Debug|x86.ActiveCfg = Debug|Win32
		{FE61FF8C-2EC9-4517-893E-DE700CEB393B}.Debug|x86.Build.0 = Debug|Win32
		{FE61FF8C-2EC9-4517-893E-DE700CEB393B}.Release|x86.ActiveCfg = Release|Win32
		{FE61FF8C-2EC9-4517-893E-DE700CEB393B}.Release|x86.Build.0 = Release|Win32
		{47C291F8-4B7B-4193-BB5C-B526D7115B4B}.Debug|x86.ActiveCfg = Debug|Win32
		{47C291F8-4B7B-4193-BB5C-B526D7115B4B}.Debug|x86.Build.0 = Debug|Win32
		{47C291F8-4B7B-4193-BB5C-B526D7115B4B}.Release|x86.ActiveCfg = Release|Win32
		{47C291F8-4B7B-4193-BB5C-B526D7115B4B}.Release|x86.Build.0 = Release|Win32
		{05740A8C-772E-45D6-9686-4B255305A8F5}.Debug|x86.ActiveCfg = Debug|Win32
		{05740A8C-772E-45D6-9686-4B255305A8F5}.Debug|x86.Build.0 = Debug|Win32
		{05740A8C-772E-45D6-9686-4B255305A8F5}.Release|x86.ActiveCfg = Release|Win32
		{05740A8C-772E-45D6-9686-4B255305A8F5}.Release|x86.Build.0 = Release|Win32
		{4BC313B1-8CFB-4DCA-96CA-D476FACC1B61}.Debug|x86.ActiveCfg = Debug|Win32
		{4BC313B1-8CFB-4DCA-96CA-D476FACC1B61}.Debug|x86.Build.0 = Debug|Win32
		{4BC313B1-8CFB-4DCA-96CA-D476FACC1B61}.Release|x86.ActiveCfg = Release|Win32
		{4BC313B1-8CFB-4DCA-96CA-D476FACC1B61}.Release|x86.Build.0 = Release|Win32
		{2531E14E-7FA7-4CFB-96D6-F0EA26AA7CA4}.Debug|x86.ActiveCfg = Debug|Win32
		{2531E14E-7FA7-4CFB-96D6-F0EA26AA7CA4}.Debug|x86.Build.0 = Debug|Win32
		{2531E14E-7FA7-4CFB-96D6-F0EA26AA7CA4}.Release|x86.ActiveCfg = Release|Win32
		{2531E14E-7FA7-4CFB-96D6-F0EA26AA7CA4}.Release|x86.Build.0 = Release|Win32
		{E7E87109-C611-4016-8B4C-3A5B3AF83A91}.Debug|x86.ActiveCfg = Debug|Win32
		{E7E87109-C611-4016-8B4C-3A5B3AF83A91}.Debug|x86.Build.0 = Debug|Win32
		{E7E87109-C611-4016-8B4C-3A5B3AF83A91}.Release|x86.ActiveCfg = Release|Win32
		{E7E87109-C611-4016-8B4C-3A5B3AF83A91}.Release|x86.Build.0 = Release|Win32
		{2EB40B8E-0FA7-4FA5-A80D-5580A3C39E15}.Debug|x86.ActiveCfg = Debug|Win32
		{2EB40B8E-0FA7-4FA5-A80D-5580A3C39E15}.Debug|x86.Build.0 = Debug|Win32
		{2EB40B8E-0FA7-4FA5-A80D-5580A3C39E15}.Release|x86.ActiveCfg = Release|Win32
		{2EB40B8E-0FA7-4FA5-A80D-5580A3C39E15}.Release|x86.Build.0 = Release|Win32
		{2ACB7BDC-530E-46F0-8F14-571A6736FEBF}.Debug|x86.ActiveCfg = Debug|Win32
		{2ACB7BDC-530E-46F0-8F14-571A6736FEBF}.Debug|x86.Build.0 = Debug|Win32
		{2ACB7BDC-530E-46F0-8F14-571A6736FEBF}.Release|x86.ActiveCfg = Release|Win32
		{2ACB7BDC-530E-46F0-8F14-571A6736FEBF}.Release|x86.Build.0 = Release|Win32
		{B0AFAD9A-0794-416F-AB4F-15FEDB56D5D8}.Debug|x86.ActiveCfg = Debug|Win32
		{B0AFAD9A-0794-416F-AB4F-15FEDB56D5D8}.Debug|x86.Build.0 = Debug|Win32
		{B0AFAD9A-0794-416F-AB4F-15FEDB56D5D8}.Release|x86.ActiveCfg = Release|Win32
		{B0AFAD9A-0794-416F-AB4F-15FEDB56D5D8}.Release|x86.Build.0 = Release|Win32
		{BB8DC272-163D-408D-A28F-8771B90FB2F9}.Debug|x86.ActiveCfg = Debug|Win32
		{BB8DC272-163D-408D-A28F-8771B90FB2F9}.Debug|x86.Build.0 = Debug|Win32
		{BB8DC272-163D-408D-A28F-8771B90FB2F9}.Release|x86.ActiveCfg = Release|Win32
		{BB8DC272-163D-408D-A28F-8771B90FB2F9}.Release|x86.Build.0 = Release|Win32
		{A7A9D4D5-6A8D-443B-9799-2EB19078EC07}.Debug|x86.ActiveCfg = Debug|Win32
		{A7A9D4D5-6A8D-443B-9799-2EB19078EC07}.Debug|x86.Build.0 = Debug|Win32
		{A7A9D4D5-6A8D-443B-9799-2EB19078EC07}.Release|x86.ActiveCfg = Release|Win32
		{A7A9D4D5-6A8D-443B-9799-2EB19078EC07}.Release|x86.Build.0 = Release|Win32
		{18FED14C-A217-4BC8-9076-B06D1C46C363}.Debug|x86.ActiveCfg = Debug|Win32
		{18FED14C-A217-4BC8-9076-B06D1C46C363}.Debug|x86.Build.0 = Debug|Win32
		{18FED14C-A217-4BC8-9076-B06D1C46C363}.Release|x86.ActiveCfg = Release|Win32
		{18FED14C-A217-4BC8-9076-B06D1C46C363}.Release|x86.Build.0 = Release|Win32
		{14282536-AD63-44F4-9833-0B2059D3F3FA}.Debug|x86.ActiveCfg = Debug|Win32
		{14282536-AD63-44F4-9833-0B2059D3F3FA}.Debug|x86.Build.0 = Debug|Win32
		{14282536-AD63-44F4-9833-0B2059D3F3FA}.Release|x86.ActiveCfg = Release|Win32
		{14282536-AD63-44F4-9833-0B2059D3F3FA}.Release|x86.Build.0 = Release|Win32
		{D7ADF143-2D26-416E-BABB-8E33F167AB1F}.Debug|x86.ActiveCfg = Debug|Win32
		{D7ADF143-2D26-416E-BABB-8E33F167AB1F}.Debug|x86.Build.0 = Debug|Win32
		{D7ADF143-2D26-416E-BABB-8E33F167AB1F}.Release|x86.ActiveCfg = Release|Win32
		{D7ADF143-2D26-416E-BABB-8E33F167AB1F}.Release|x86.Build.0 = Release|Win32
		{1D767F08-E51B-49EE-93BD-806133BD5598}.Debug|x86.ActiveCfg = Debug|Win32
		{1D767F08-E51B-49EE-93BD-806133BD5598}.Debug|x86.Build.0 = Debug|Win32
		{1D767F08-E51B-49EE-93BD-806133BD5598}.Release|x86.ActiveCfg = Release|Win32
		{1D767F08-E51B-49EE-93BD-806133BD5598}.Release|x86.Build.0 = Release|Win32
		{A5650174-7CDF-4BF4-A0BE-34446EDF221C}.Debug|x86.ActiveCfg = Debug|Win32
		{A5650174-7CDF-4BF4-A0BE-34446EDF221C}.Debug|x86.Build.0 = Debug|Win32
		{A5650174-7CDF-4BF4-A0BE-34446EDF221C}.Release|x86.ActiveCfg = Release|Win32
		{A5650174-7CDF-4BF4-A0BE-34446EDF221C}.Release|x86.Build.0 = Release|Win32
		{481EA9AB-E53D-4D70-9F8C-BAB8F756217B}.Debug|x86.ActiveCfg = Debug|Win32
		{481EA9AB-E53D-4D70-9F8C-BAB8F756217B}.Debug|x86.Build.0 = Debug|Win32
		{481EA9AB-E53D-4D70-9F8C-BAB8F756217B}.Release|x86.ActiveCfg = Release|Win32
		{481EA9AB-E53D-4D70-9F8C-BAB8F756217B}.Release|x86.Build.0 = Release|Win32
		{7F16B894-FD6E-4E15-81A1-B8270AE036D2}.Debug|x86.ActiveCfg = Debug|Win32
		{7F16B894-FD6E-4E15-81A1-B8270AE036D2}.Debug|x86.Build.0 = Debug|Win32
		{7F16B894-FD6E-4E15-81A1-B8270AE036D2}.Release|x86.ActiveCfg = Release|Win32
		{7F16B894-FD6E-4E15-81A1-B8270AE036D2}.Release|x86.Build.0 = Release|Win32
		{79B43A00-911D-473B-8DCA-B60C5735D487}.Debug|x86.ActiveCfg = Debug|Win32
		{79B43A00-911D-473B-8DCA-B60C5735D487}.Debug|x86.Build.0 = Debug|Win32
		{79B43A00-911D-473B-8DCA-B60C5735D487}.Release|x86.ActiveCfg = Release|Win32
		{79B43A00-911D-473B-8DCA-B60C5735D487}.Release|x86.Build.0 = Release|Win32
		{6E6AD956-9D51-4247-8CA9-991D2F679072}.Debug|x86.ActiveCfg = Debug|Win32
		{6E6AD956-9D51-4247-8CA9-991D2F679072}.Debug|x86.Build.0 = Debug|Win32
		{6E6AD956-9D51-4247-8CA9-991D2F679072}.Release|x86.ActiveCfg = Release|Win32
		{6E6AD956-9D51-4247-8CA9-991D2F679072}.Release|x86.Build.0 = Release|Win32
		{28EE9139-52F1-433F-AAA8-530E702F3CD0}.Debug|x86.ActiveCfg = Debug|Win32
		{28EE9139-52F1-433F-AAA8-530E702F3CD0}.Debug|x86.Build.0 = Debug|Win32
		{28EE9139-52F1-433F-AAA8-530E702F3CD0}.Release|x86.ActiveCfg = Release|Win32
		{28EE9139-52F1-433F-AAA8-530E702F3CD0}.Release|x86.Build.0 = Release|Win32
		{044F0E7E-3F83-4F63-B958-D183D4A94335}.Debug|x86.ActiveCfg = Debug|Win32
		{044F0E7E-3F83-4F63-B958-D183D4A94335}.Debug|x86.Build.0 = Debug|Win32
		{044F0E7E-3F83-4F63-B958-D183D4A94335}.Release|x86.ActiveCfg = Release|Win32
		{044F0E7E-3F83-4F63-B958-D183D4A94335}.Release|x86.Build.0 = Release|Win32
		{006C06F6-DAF6-40A6-A09C-917428379D56}.Debug|x86.ActiveCfg = Debug|Win32
		{006C06F6-DAF6-40A6-A09C-917428379D56}.Debug|x86.Build.0 = Debug|Win32
		{006C06F6-DAF6-40A6-A09C-917428379D56}.Release|x86.ActiveCfg = Release|Win32
		{006C06F6-DAF6-40A6-A09C-917428379D56}.Release|x86.Build.0 = Release|Win32
		{DA9165F8-8275-4ED3-9598-E87756371ECF}.Debug|x86.ActiveCfg = Debug|Win32
		{DA9165F8-8275-4ED3-9598-E87756371ECF}.Debug|x86.Build.0 = Debug|Win32
		{DA9165F8-8275-4ED3-9598-E87756371ECF}.Release|x86.ActiveCfg = Release|Win32
		{DA9165F8-8275-4ED3-9598-E87756371ECF}.Release|x86.Build.0 = Release|Win32
		{031D3641-F64A-4310-B345-E688621A318D}.Debug|x86.ActiveCfg = Debug|Win32
		{031D3641-F64A-4310-B345-E688621A318D}.Debug|x86.Build.0 = Debug|Win32
		{031D3641-F64A-4310-B345-E688621A318D}.Release|x86.ActiveCfg = Release|Win32
		{031D3641-F64A-4310-B345-E688621A318D}.Release|x86.Build.0 = Release|Win32
		{BB30237E-D07F-4A2A-8950-8AFD6BEA908C}.Debug|x86.ActiveCfg = Debug|Win32
		{BB30237E-D07F-4A2A-8950-8AFD6BEA908C}.Debug|x86.Build.0 = Debug|Win32
		{BB30237E-D07F-4A2A-8950-8AFD6BEA908C}.Release|x86.ActiveCfg = Release|Win32
		{BB30237E-D07F-4A2A-8950-8AFD6BEA908C}.Release|x86.Build.0 = Release|Win32
		{C798F739-ED6E-48BB-987F-2ED6FC71BC32}.Debug|x86.ActiveCfg = Debug|Win32
		{C798F739-ED6E-48BB-987F-2ED6FC71BC32}.Debug|x86.Build.0 = Debug|Win32
		{C798F739-ED6E-48BB-987F-2ED6FC71BC32}.Release|x86.ActiveCfg = Release|Win32
		{C798F739-ED6E-48BB-987F-2ED6FC71BC32}.Release|x86.Build.0 = Release|Win32
		{768C6B44-B3B2-41A0-8735-FE6096C7A4F3}.Debug|x86.ActiveCfg = Debug|Win32
		{768C6B44-B3B2-41A0-8735-FE6096C7A4F3}.Debug|x86.Build.0 = Debug|Win32
		{768C6B44-B3B2-41A0-8735-FE6096C7A4F3}.Release|x86.ActiveCfg = Release|Win32
		{768C6B44-B3B2-41A0-8735-FE6096C7A4F3}.Release|x86.Build.0 = Release|Win32
	EndGlobalSection
	GlobalSection(SolutionProperties) = preSolution
		HideSolutionNode = FALSE
	EndGlobalSection
	GlobalSection(ExtensibilityGlobals) = postSolution
		SolutionGuid = {D546AA83-569B-4BAD-AE3E-6D16992233E6}
	EndGlobalSection
EndGlobal
