
Microsoft Visual Studio Solution File, Format Version 12.00
# Visual Studio Express 2012 for Windows Desktop
Project("{8BC9CEB8-8B4A-11D0-8D11-00A0C91BC942}") = "V41III4", "V41III4\V41III4.vcxproj", "{616BBC76-FC20-4132-A035-22A7D06C6796}"
EndProject
Global
	GlobalSection(SolutionConfigurationPlatforms) = preSolution
		Debug|Win32 = Debug|Win32
		Release|Win32 = Release|Win32
	EndGlobalSection
	GlobalSection(ProjectConfigurationPlatforms) = postSolution
		{616BBC76-FC20-4132-A035-22A7D06C6796}.Debug|Win32.ActiveCfg = Debug|Win32
		{616BBC76-FC20-4132-A035-22A7D06C6796}.Debug|Win32.Build.0 = Debug|Win32
		{616BBC76-FC20-4132-A035-22A7D06C6796}.Release|Win32.ActiveCfg = Release|Win32
		{616BBC76-FC20-4132-A035-22A7D06C6796}.Release|Win32.Build.0 = Release|Win32
	EndGlobalSection
	GlobalSection(SolutionProperties) = preSolution
		HideSolutionNode = FALSE
	EndGlobalSection
EndGlobal
